
Microsoft Visual Studio Solution File, Format Version 12.00
# Visual Studio Version 17
VisualStudioVersion = 17.7.34031.279
MinimumVisualStudioVersion = 10.0.40219.1
Project("{FAE04EC0-301F-11D3-BF4B-00C04F79EFBC}") = "BankLibrary", "BankLibrary\BankLibrary.csproj", "{31D29526-A3F2-4947-AB95-8E138AE9B48C}"
EndProject
Project("{FAE04EC0-301F-11D3-BF4B-00C04F79EFBC}") = "CreateFile", "CreateFile\CreateFile.csproj", "{E505DAFA-9DD0-4267-9B5D-4F79AC4B375D}"
EndProject
Project("{FAE04EC0-301F-11D3-BF4B-00C04F79EFBC}") = "ReadSequentialAccessFile", "ReadSequentialAccessFile\ReadSequentialAccessFile.csproj", "{9D8888E7-4142-4340-A41D-34153459B642}"
EndProject
Global
	GlobalSection(SolutionConfigurationPlatforms) = preSolution
		Debug|Any CPU = Debug|Any CPU
		Release|Any CPU = Release|Any CPU
	EndGlobalSection
	GlobalSection(ProjectConfigurationPlatforms) = postSolution
		{31D29526-A3F2-4947-AB95-8E138AE9B48C}.Debug|Any CPU.ActiveCfg = Debug|Any CPU
		{31D29526-A3F2-4947-AB95-8E138AE9B48C}.Debug|Any CPU.Build.0 = Debug|Any CPU
		{31D29526-A3F2-4947-AB95-8E138AE9B48C}.Release|Any CPU.ActiveCfg = Release|Any CPU
		{31D29526-A3F2-4947-AB95-8E138AE9B48C}.Release|Any CPU.Build.0 = Release|Any CPU
		{E505DAFA-9DD0-4267-9B5D-4F79AC4B375D}.Debug|Any CPU.ActiveCfg = Debug|Any CPU
		{E505DAFA-9DD0-4267-9B5D-4F79AC4B375D}.Debug|Any CPU.Build.0 = Debug|Any CPU
		{E505DAFA-9DD0-4267-9B5D-4F79AC4B375D}.Release|Any CPU.ActiveCfg = Release|Any CPU
		{E505DAFA-9DD0-4267-9B5D-4F79AC4B375D}.Release|Any CPU.Build.0 = Release|Any CPU
		{9D8888E7-4142-4340-A41D-34153459B642}.Debug|Any CPU.ActiveCfg = Debug|Any CPU
		{9D8888E7-4142-4340-A41D-34153459B642}.Debug|Any CPU.Build.0 = Debug|Any CPU
		{9D8888E7-4142-4340-A41D-34153459B642}.Release|Any CPU.ActiveCfg = Release|Any CPU
		{9D8888E7-4142-4340-A41D-34153459B642}.Release|Any CPU.Build.0 = Release|Any CPU
	EndGlobalSection
	GlobalSection(SolutionProperties) = preSolution
		HideSolutionNode = FALSE
	EndGlobalSection
	GlobalSection(ExtensibilityGlobals) = postSolution
		SolutionGuid = {FE5CC6D2-D961-4659-8EFC-3F2E1173FDB9}
	EndGlobalSection
EndGlobal
