
Microsoft Visual Studio Solution File, Format Version 12.00
# Visual Studio Version 17
VisualStudioVersion = 17.5.33627.172
MinimumVisualStudioVersion = 10.0.40219.1
Project("{FAE04EC0-301F-11D3-BF4B-00C04F79EFBC}") = "ReadSequentialAccessFileSerializable", "ReadSequentialAccessFileSerializable\ReadSequentialAccessFileSerializable.csproj", "{A9B80617-918C-4B4E-B746-CEDAE34F09AD}"
EndProject
Global
	GlobalSection(SolutionConfigurationPlatforms) = preSolution
		Debug|Any CPU = Debug|Any CPU
		Release|Any CPU = Release|Any CPU
	EndGlobalSection
	GlobalSection(ProjectConfigurationPlatforms) = postSolution
		{A9B80617-918C-4B4E-B746-CEDAE34F09AD}.Debug|Any CPU.ActiveCfg = Debug|Any CPU
		{A9B80617-918C-4B4E-B746-CEDAE34F09AD}.Debug|Any CPU.Build.0 = Debug|Any CPU
		{A9B80617-918C-4B4E-B746-CEDAE34F09AD}.Release|Any CPU.ActiveCfg = Release|Any CPU
		{A9B80617-918C-4B4E-B746-CEDAE34F09AD}.Release|Any CPU.Build.0 = Release|Any CPU
	EndGlobalSection
	GlobalSection(SolutionProperties) = preSolution
		HideSolutionNode = FALSE
	EndGlobalSection
	GlobalSection(ExtensibilityGlobals) = postSolution
		SolutionGuid = {7708D776-B419-4D0B-ABC7-28AD9849C494}
	EndGlobalSection
EndGlobal
