
Microsoft Visual Studio Solution File, Format Version 12.00
# Visual Studio Version 17
VisualStudioVersion = 17.7.34031.279
MinimumVisualStudioVersion = 10.0.40219.1
Project("{FAE04EC0-301F-11D3-BF4B-00C04F79EFBC}") = "RadioButtonsTest", "RadioButtonsTest\RadioButtonsTest.csproj", "{B86294BC-0949-4C24-B95A-5CE87462CFAC}"
EndProject
Global
	GlobalSection(SolutionConfigurationPlatforms) = preSolution
		Debug|Any CPU = Debug|Any CPU
		Release|Any CPU = Release|Any CPU
	EndGlobalSection
	GlobalSection(ProjectConfigurationPlatforms) = postSolution
		{B86294BC-0949-4C24-B95A-5CE87462CFAC}.Debug|Any CPU.ActiveCfg = Debug|Any CPU
		{B86294BC-0949-4C24-B95A-5CE87462CFAC}.Debug|Any CPU.Build.0 = Debug|Any CPU
		{B86294BC-0949-4C24-B95A-5CE87462CFAC}.Release|Any CPU.ActiveCfg = Release|Any CPU
		{B86294BC-0949-4C24-B95A-5CE87462CFAC}.Release|Any CPU.Build.0 = Release|Any CPU
	EndGlobalSection
	GlobalSection(SolutionProperties) = preSolution
		HideSolutionNode = FALSE
	EndGlobalSection
	GlobalSection(ExtensibilityGlobals) = postSolution
		SolutionGuid = {A12BAB6C-708B-44F2-8F3E-E0D682DEA858}
	EndGlobalSection
EndGlobal
