
Microsoft Visual Studio Solution File, Format Version 12.00
# Visual Studio Version 17
VisualStudioVersion = 17.7.34031.279
MinimumVisualStudioVersion = 10.0.40219.1
Project("{FAE04EC0-301F-11D3-BF4B-00C04F79EFBC}") = "CheckedListBoxTest", "CheckedListBoxTest\CheckedListBoxTest.csproj", "{FA8DA674-1EA2-449F-9846-5672DDBF7E6E}"
EndProject
Global
	GlobalSection(SolutionConfigurationPlatforms) = preSolution
		Debug|Any CPU = Debug|Any CPU
		Release|Any CPU = Release|Any CPU
	EndGlobalSection
	GlobalSection(ProjectConfigurationPlatforms) = postSolution
		{FA8DA674-1EA2-449F-9846-5672DDBF7E6E}.Debug|Any CPU.ActiveCfg = Debug|Any CPU
		{FA8DA674-1EA2-449F-9846-5672DDBF7E6E}.Debug|Any CPU.Build.0 = Debug|Any CPU
		{FA8DA674-1EA2-449F-9846-5672DDBF7E6E}.Release|Any CPU.ActiveCfg = Release|Any CPU
		{FA8DA674-1EA2-449F-9846-5672DDBF7E6E}.Release|Any CPU.Build.0 = Release|Any CPU
	EndGlobalSection
	GlobalSection(SolutionProperties) = preSolution
		HideSolutionNode = FALSE
	EndGlobalSection
	GlobalSection(ExtensibilityGlobals) = postSolution
		SolutionGuid = {A2DC6C81-82F5-45BE-B63F-BE7654A4FA05}
	EndGlobalSection
EndGlobal
