
Microsoft Visual Studio Solution File, Format Version 12.00
# Visual Studio Version 17
VisualStudioVersion = 17.7.34031.279
MinimumVisualStudioVersion = 10.0.40219.1
Project("{FAE04EC0-301F-11D3-BF4B-00C04F79EFBC}") = "VisualInheritanceBase", "VisualInheritanceBase\VisualInheritanceBase.csproj", "{A08BAB2D-75EF-4766-86FB-96266B6E4893}"
EndProject
Project("{FAE04EC0-301F-11D3-BF4B-00C04F79EFBC}") = "VisualInheritanceTest", "VisualInheritanceTest\VisualInheritanceTest.csproj", "{17B668DF-5286-4FDF-921F-21ACA1AA9947}"
EndProject
Global
	GlobalSection(SolutionConfigurationPlatforms) = preSolution
		Debug|Any CPU = Debug|Any CPU
		Release|Any CPU = Release|Any CPU
	EndGlobalSection
	GlobalSection(ProjectConfigurationPlatforms) = postSolution
		{A08BAB2D-75EF-4766-86FB-96266B6E4893}.Debug|Any CPU.ActiveCfg = Debug|Any CPU
		{A08BAB2D-75EF-4766-86FB-96266B6E4893}.Debug|Any CPU.Build.0 = Debug|Any CPU
		{A08BAB2D-75EF-4766-86FB-96266B6E4893}.Release|Any CPU.ActiveCfg = Release|Any CPU
		{A08BAB2D-75EF-4766-86FB-96266B6E4893}.Release|Any CPU.Build.0 = Release|Any CPU
		{17B668DF-5286-4FDF-921F-21ACA1AA9947}.Debug|Any CPU.ActiveCfg = Debug|Any CPU
		{17B668DF-5286-4FDF-921F-21ACA1AA9947}.Debug|Any CPU.Build.0 = Debug|Any CPU
		{17B668DF-5286-4FDF-921F-21ACA1AA9947}.Release|Any CPU.ActiveCfg = Release|Any CPU
		{17B668DF-5286-4FDF-921F-21ACA1AA9947}.Release|Any CPU.Build.0 = Release|Any CPU
	EndGlobalSection
	GlobalSection(SolutionProperties) = preSolution
		HideSolutionNode = FALSE
	EndGlobalSection
	GlobalSection(ExtensibilityGlobals) = postSolution
		SolutionGuid = {8C19B4FF-F5DA-45DB-A507-0CD41E22F1AD}
	EndGlobalSection
EndGlobal
